
Microsoft Visual Studio Solution File, Format Version 12.00
# Visual Studio Version 16
VisualStudioVersion = 16.0.30204.135
MinimumVisualStudioVersion = 10.0.40219.1
Project("{2150E333-8FDC-42A3-9474-1A3956D46DE8}") = "src", "src", "{3002A2D7-B49B-45AB-88F4-CD8D7A68BC34}"
EndProject
Project("{9A19103F-16F7-4668-BE54-9A1E7A4F7556}") = "MpSoft.DynamicMiddlewares", "src\MpSoft.DynamicMiddlewares\MpSoft.DynamicMiddlewares.csproj", "{6B911B72-3AB8-4015-9BD0-767347ACFD60}"
EndProject
Project("{2150E333-8FDC-42A3-9474-1A3956D46DE8}") = "Samples", "Samples", "{B43FB6B9-1B3D-4791-BB1A-C6E22EAB337A}"
EndProject
Project("{2150E333-8FDC-42A3-9474-1A3956D46DE8}") = "01", "01", "{66F38F64-D8A4-4EBE-8CD5-FF63B44F338A}"
EndProject
Project("{9A19103F-16F7-4668-BE54-9A1E7A4F7556}") = "InvalidConfiguration", "Samples\01\InvalidConfiguration\InvalidConfiguration.csproj", "{1AA4BA4E-6A0E-4D8D-970A-B1E4C0E66D7D}"
EndProject
Project("{2150E333-8FDC-42A3-9474-1A3956D46DE8}") = "Solution Items", "Solution Items", "{0D17889D-4778-4CFD-8E15-AC1F6807F56C}"
	ProjectSection(SolutionItems) = preProject
		LICENSE = LICENSE
		README.md = README.md
		ReleaseNotes.md = ReleaseNotes.md
	EndProjectSection
EndProject
Global
	GlobalSection(SolutionConfigurationPlatforms) = preSolution
		Debug|Any CPU = Debug|Any CPU
		Release|Any CPU = Release|Any CPU
	EndGlobalSection
	GlobalSection(ProjectConfigurationPlatforms) = postSolution
		{6B911B72-3AB8-4015-9BD0-767347ACFD60}.Debug|Any CPU.ActiveCfg = Debug|Any CPU
		{6B911B72-3AB8-4015-9BD0-767347ACFD60}.Debug|Any CPU.Build.0 = Debug|Any CPU
		{6B911B72-3AB8-4015-9BD0-767347ACFD60}.Release|Any CPU.ActiveCfg = Release|Any CPU
		{6B911B72-3AB8-4015-9BD0-767347ACFD60}.Release|Any CPU.Build.0 = Release|Any CPU
		{1AA4BA4E-6A0E-4D8D-970A-B1E4C0E66D7D}.Debug|Any CPU.ActiveCfg = Debug|Any CPU
		{1AA4BA4E-6A0E-4D8D-970A-B1E4C0E66D7D}.Debug|Any CPU.Build.0 = Debug|Any CPU
		{1AA4BA4E-6A0E-4D8D-970A-B1E4C0E66D7D}.Release|Any CPU.ActiveCfg = Release|Any CPU
		{1AA4BA4E-6A0E-4D8D-970A-B1E4C0E66D7D}.Release|Any CPU.Build.0 = Release|Any CPU
	EndGlobalSection
	GlobalSection(SolutionProperties) = preSolution
		HideSolutionNode = FALSE
	EndGlobalSection
	GlobalSection(NestedProjects) = preSolution
		{6B911B72-3AB8-4015-9BD0-767347ACFD60} = {3002A2D7-B49B-45AB-88F4-CD8D7A68BC34}
		{66F38F64-D8A4-4EBE-8CD5-FF63B44F338A} = {B43FB6B9-1B3D-4791-BB1A-C6E22EAB337A}
		{1AA4BA4E-6A0E-4D8D-970A-B1E4C0E66D7D} = {66F38F64-D8A4-4EBE-8CD5-FF63B44F338A}
	EndGlobalSection
	GlobalSection(ExtensibilityGlobals) = postSolution
		SolutionGuid = {62F2FBF9-E785-4737-9F3B-21A7487ADC57}
	EndGlobalSection
EndGlobal
